// !$*UTF8*$!
{
	archiveVersion = 1;
	classes = {
	};
	objectVersion = 46;
	objects = {

/* Begin PBXBuildFile section */
		6A544F051EA73B98005096E2 /* ZXCommonUtils.swift in Sources */ = {isa = PBXBuildFile; fileRef = 6A544F041EA73B98005096E2 /* ZXCommonUtils.swift */; };
		6A557D931E8DF59A00904791 /* AppDelegate.swift in Sources */ = {isa = PBXBuildFile; fileRef = 6A557D921E8DF59A00904791 /* AppDelegate.swift */; };
		6A557D951E8DF59A00904791 /* ViewController.swift in Sources */ = {isa = PBXBuildFile; fileRef = 6A557D941E8DF59A00904791 /* ViewController.swift */; };
		6A557D981E8DF59A00904791 /* Main.storyboard in Resources */ = {isa = PBXBuildFile; fileRef = 6A557D961E8DF59A00904791 /* Main.storyboard */; };
		6A557D9A1E8DF59A00904791 /* Assets.xcassets in Resources */ = {isa = PBXBuildFile; fileRef = 6A557D991E8DF59A00904791 /* Assets.xcassets */; };
		6A557D9D1E8DF59A00904791 /* LaunchScreen.storyboard in Resources */ = {isa = PBXBuildFile; fileRef = 6A557D9B1E8DF59A00904791 /* LaunchScreen.storyboard */; };
		6A6658741E95D0C20046C81E /* ZXTextFViewController.swift in Sources */ = {isa = PBXBuildFile; fileRef = 6A6658731E95D0C20046C81E /* ZXTextFViewController.swift */; };
		6A6658761E95DC0A0046C81E /* ZXTabbarConfig.swift in Sources */ = {isa = PBXBuildFile; fileRef = 6A6658751E95DC0A0046C81E /* ZXTabbarConfig.swift */; };
		6A66587A1E960F4F0046C81E /* UIViewController+ZXNavControl.swift in Sources */ = {isa = PBXBuildFile; fileRef = 6A6658791E960F4F0046C81E /* UIViewController+ZXNavControl.swift */; };
		6A66587C1E9611450046C81E /* UITabbarController+ZX.swift in Sources */ = {isa = PBXBuildFile; fileRef = 6A66587B1E9611450046C81E /* UITabbarController+ZX.swift */; };
		6A7B808D1E972EAE00DFD047 /* ZXMapViewController.swift in Sources */ = {isa = PBXBuildFile; fileRef = 6A7B808B1E972EAE00DFD047 /* ZXMapViewController.swift */; };
		6A7B808E1E972EAE00DFD047 /* ZXMapViewController.xib in Resources */ = {isa = PBXBuildFile; fileRef = 6A7B808C1E972EAE00DFD047 /* ZXMapViewController.xib */; };
		6A7B80901E9739DD00DFD047 /* NSObject+ZX.swift in Sources */ = {isa = PBXBuildFile; fileRef = 6A7B808F1E9739DD00DFD047 /* NSObject+ZX.swift */; };
		6A7D28BB1E9492EA005BBFD9 /* ZXDetailViewController.swift in Sources */ = {isa = PBXBuildFile; fileRef = 6A7D28BA1E9492EA005BBFD9 /* ZXDetailViewController.swift */; };
		6A7D28D11E949994005BBFD9 /* Bundle+ZX.swift in Sources */ = {isa = PBXBuildFile; fileRef = 6A7D28BD1E949994005BBFD9 /* Bundle+ZX.swift */; };
		6A7D28D21E949994005BBFD9 /* String+ZX.swift in Sources */ = {isa = PBXBuildFile; fileRef = 6A7D28BE1E949994005BBFD9 /* String+ZX.swift */; };
		6A7D28D31E949994005BBFD9 /* UIColor+ZX.swift in Sources */ = {isa = PBXBuildFile; fileRef = 6A7D28BF1E949994005BBFD9 /* UIColor+ZX.swift */; };
		6A7D28D41E949994005BBFD9 /* UIDevice+ZX.swift in Sources */ = {isa = PBXBuildFile; fileRef = 6A7D28C01E949994005BBFD9 /* UIDevice+ZX.swift */; };
		6A7D28D51E949994005BBFD9 /* UIFont+ZX.swift in Sources */ = {isa = PBXBuildFile; fileRef = 6A7D28C11E949994005BBFD9 /* UIFont+ZX.swift */; };
		6A7D28DD1E949994005BBFD9 /* ZXStructs.swift in Sources */ = {isa = PBXBuildFile; fileRef = 6A7D28CE1E949994005BBFD9 /* ZXStructs.swift */; };
		6A7D28E91E94C692005BBFD9 /* ZXConfigValueProtocol.swift in Sources */ = {isa = PBXBuildFile; fileRef = 6A7D28E31E94C692005BBFD9 /* ZXConfigValueProtocol.swift */; };
		6A7D28EA1E94C692005BBFD9 /* ZXFontConfig.swift in Sources */ = {isa = PBXBuildFile; fileRef = 6A7D28E41E94C692005BBFD9 /* ZXFontConfig.swift */; };
		6A7D28EB1E94C692005BBFD9 /* ZXNavBarConfig.swift in Sources */ = {isa = PBXBuildFile; fileRef = 6A7D28E51E94C692005BBFD9 /* ZXNavBarConfig.swift */; };
		6A7D28EC1E94C692005BBFD9 /* ZXSettings.bundle in Resources */ = {isa = PBXBuildFile; fileRef = 6A7D28E61E94C692005BBFD9 /* ZXSettings.bundle */; };
		6A7D28ED1E94C692005BBFD9 /* ZXTintColorConfig.swift in Sources */ = {isa = PBXBuildFile; fileRef = 6A7D28E71E94C692005BBFD9 /* ZXTintColorConfig.swift */; };
		6A7D28F11E94CA26005BBFD9 /* r1.png in Resources */ = {isa = PBXBuildFile; fileRef = 6A7D28EF1E94CA26005BBFD9 /* r1.png */; };
		6A7D28F21E94CA26005BBFD9 /* r2.png in Resources */ = {isa = PBXBuildFile; fileRef = 6A7D28F01E94CA26005BBFD9 /* r2.png */; };
		6A7D28F41E94DC35005BBFD9 /* UIViewController+ZX.swift in Sources */ = {isa = PBXBuildFile; fileRef = 6A7D28F31E94DC35005BBFD9 /* UIViewController+ZX.swift */; };
		6A89D5F41E9B2F3A00081C4A /* UIView+ZXFrame.swift in Sources */ = {isa = PBXBuildFile; fileRef = 6A89D5F31E9B2F3A00081C4A /* UIView+ZXFrame.swift */; };
		6A89D5F61E9B31A500081C4A /* NSAttributedString+ZX.swift in Sources */ = {isa = PBXBuildFile; fileRef = 6A89D5F51E9B31A500081C4A /* NSAttributedString+ZX.swift */; };
		6A89D5FC1E9B50C600081C4A /* ZXTableViewViewController.swift in Sources */ = {isa = PBXBuildFile; fileRef = 6A89D5FB1E9B50C600081C4A /* ZXTableViewViewController.swift */; };
		6A89D5FF1E9B518600081C4A /* ZXStringTestViewController.swift in Sources */ = {isa = PBXBuildFile; fileRef = 6A89D5FE1E9B518600081C4A /* ZXStringTestViewController.swift */; };
		6AA48A431E9B1D0700358BB3 /* soundA.caf in Resources */ = {isa = PBXBuildFile; fileRef = 6AA48A421E9B1D0700358BB3 /* soundA.caf */; };
		6AA5DF181E975C1000FE43F1 /* ZXHHViewController.swift in Sources */ = {isa = PBXBuildFile; fileRef = 6AA5DF171E975C1000FE43F1 /* ZXHHViewController.swift */; };
		6AA5DF1A1E9761D500FE43F1 /* ZXNetwork.swift in Sources */ = {isa = PBXBuildFile; fileRef = 6AA5DF191E9761D500FE43F1 /* ZXNetwork.swift */; };
		6AA5DF1C1E9761EB00FE43F1 /* ZXRemoteNotification.swift in Sources */ = {isa = PBXBuildFile; fileRef = 6AA5DF1B1E9761EB00FE43F1 /* ZXRemoteNotification.swift */; };
		6AA5DF1E1E9761F700FE43F1 /* ZXRouter.swift in Sources */ = {isa = PBXBuildFile; fileRef = 6AA5DF1D1E9761F700FE43F1 /* ZXRouter.swift */; };
		6AA5DF221E97623700FE43F1 /* ZXCheckListViewController.swift in Sources */ = {isa = PBXBuildFile; fileRef = 6AA5DF211E97623700FE43F1 /* ZXCheckListViewController.swift */; };
		6AA5DF241E97624300FE43F1 /* ZXHUD.swift in Sources */ = {isa = PBXBuildFile; fileRef = 6AA5DF231E97624300FE43F1 /* ZXHUD.swift */; };
		6AA5DF261E97625000FE43F1 /* ZXEmptyView.swift in Sources */ = {isa = PBXBuildFile; fileRef = 6AA5DF251E97625000FE43F1 /* ZXEmptyView.swift */; };
		6AA5DF281E9762D100FE43F1 /* ZXLocationUtils.swift in Sources */ = {isa = PBXBuildFile; fileRef = 6AA5DF271E9762D100FE43F1 /* ZXLocationUtils.swift */; };
		6AA5DF2C1E9762FD00FE43F1 /* ZXAlertUtils.swift in Sources */ = {isa = PBXBuildFile; fileRef = 6AA5DF2B1E9762FD00FE43F1 /* ZXAlertUtils.swift */; };
		6AA5DF2E1E97630600FE43F1 /* ZXDateUtils.swift in Sources */ = {isa = PBXBuildFile; fileRef = 6AA5DF2D1E97630600FE43F1 /* ZXDateUtils.swift */; };
		6AA5DF301E97631600FE43F1 /* ZXAudioUtils.swift in Sources */ = {isa = PBXBuildFile; fileRef = 6AA5DF2F1E97631600FE43F1 /* ZXAudioUtils.swift */; };
		6AA5DF321E97636700FE43F1 /* ZXImagePickerUtils.swift in Sources */ = {isa = PBXBuildFile; fileRef = 6AA5DF311E97636700FE43F1 /* ZXImagePickerUtils.swift */; };
		6AFA69D81E8F8E410009E41B /* iconfont.ttf in Resources */ = {isa = PBXBuildFile; fileRef = 6AFA69D71E8F8E410009E41B /* iconfont.ttf */; };
/* End PBXBuildFile section */

/* Begin PBXFileReference section */
		6A544F041EA73B98005096E2 /* ZXCommonUtils.swift */ = {isa = PBXFileReference; fileEncoding = 4; lastKnownFileType = sourcecode.swift; path = ZXCommonUtils.swift; sourceTree = "<group>"; };
		6A557D8F1E8DF59A00904791 /* ZXStructs.app */ = {isa = PBXFileReference; explicitFileType = wrapper.application; includeInIndex = 0; path = ZXStructs.app; sourceTree = BUILT_PRODUCTS_DIR; };
		6A557D921E8DF59A00904791 /* AppDelegate.swift */ = {isa = PBXFileReference; lastKnownFileType = sourcecode.swift; path = AppDelegate.swift; sourceTree = "<group>"; };
		6A557D941E8DF59A00904791 /* ViewController.swift */ = {isa = PBXFileReference; lastKnownFileType = sourcecode.swift; path = ViewController.swift; sourceTree = "<group>"; };
		6A557D971E8DF59A00904791 /* Base */ = {isa = PBXFileReference; lastKnownFileType = file.storyboard; name = Base; path = Base.lproj/Main.storyboard; sourceTree = "<group>"; };
		6A557D991E8DF59A00904791 /* Assets.xcassets */ = {isa = PBXFileReference; lastKnownFileType = folder.assetcatalog; path = Assets.xcassets; sourceTree = "<group>"; };
		6A557D9C1E8DF59A00904791 /* Base */ = {isa = PBXFileReference; lastKnownFileType = file.storyboard; name = Base; path = Base.lproj/LaunchScreen.storyboard; sourceTree = "<group>"; };
		6A557D9E1E8DF59A00904791 /* Info.plist */ = {isa = PBXFileReference; lastKnownFileType = text.plist.xml; path = Info.plist; sourceTree = "<group>"; };
		6A6658731E95D0C20046C81E /* ZXTextFViewController.swift */ = {isa = PBXFileReference; fileEncoding = 4; lastKnownFileType = sourcecode.swift; path = ZXTextFViewController.swift; sourceTree = "<group>"; };
		6A6658751E95DC0A0046C81E /* ZXTabbarConfig.swift */ = {isa = PBXFileReference; fileEncoding = 4; lastKnownFileType = sourcecode.swift; path = ZXTabbarConfig.swift; sourceTree = "<group>"; };
		6A6658791E960F4F0046C81E /* UIViewController+ZXNavControl.swift */ = {isa = PBXFileReference; fileEncoding = 4; lastKnownFileType = sourcecode.swift; path = "UIViewController+ZXNavControl.swift"; sourceTree = "<group>"; };
		6A66587B1E9611450046C81E /* UITabbarController+ZX.swift */ = {isa = PBXFileReference; fileEncoding = 4; lastKnownFileType = sourcecode.swift; path = "UITabbarController+ZX.swift"; sourceTree = "<group>"; };
		6A7B808B1E972EAE00DFD047 /* ZXMapViewController.swift */ = {isa = PBXFileReference; fileEncoding = 4; lastKnownFileType = sourcecode.swift; path = ZXMapViewController.swift; sourceTree = "<group>"; };
		6A7B808C1E972EAE00DFD047 /* ZXMapViewController.xib */ = {isa = PBXFileReference; fileEncoding = 4; lastKnownFileType = file.xib; path = ZXMapViewController.xib; sourceTree = "<group>"; };
		6A7B808F1E9739DD00DFD047 /* NSObject+ZX.swift */ = {isa = PBXFileReference; fileEncoding = 4; lastKnownFileType = sourcecode.swift; path = "NSObject+ZX.swift"; sourceTree = "<group>"; };
		6A7D28BA1E9492EA005BBFD9 /* ZXDetailViewController.swift */ = {isa = PBXFileReference; fileEncoding = 4; lastKnownFileType = sourcecode.swift; path = ZXDetailViewController.swift; sourceTree = "<group>"; };
		6A7D28BD1E949994005BBFD9 /* Bundle+ZX.swift */ = {isa = PBXFileReference; fileEncoding = 4; lastKnownFileType = sourcecode.swift; path = "Bundle+ZX.swift"; sourceTree = "<group>"; };
		6A7D28BE1E949994005BBFD9 /* String+ZX.swift */ = {isa = PBXFileReference; fileEncoding = 4; lastKnownFileType = sourcecode.swift; path = "String+ZX.swift"; sourceTree = "<group>"; };
		6A7D28BF1E949994005BBFD9 /* UIColor+ZX.swift */ = {isa = PBXFileReference; fileEncoding = 4; lastKnownFileType = sourcecode.swift; path = "UIColor+ZX.swift"; sourceTree = "<group>"; };
		6A7D28C01E949994005BBFD9 /* UIDevice+ZX.swift */ = {isa = PBXFileReference; fileEncoding = 4; lastKnownFileType = sourcecode.swift; path = "UIDevice+ZX.swift"; sourceTree = "<group>"; };
		6A7D28C11E949994005BBFD9 /* UIFont+ZX.swift */ = {isa = PBXFileReference; fileEncoding = 4; lastKnownFileType = sourcecode.swift; path = "UIFont+ZX.swift"; sourceTree = "<group>"; };
		6A7D28CE1E949994005BBFD9 /* ZXStructs.swift */ = {isa = PBXFileReference; fileEncoding = 4; lastKnownFileType = sourcecode.swift; path = ZXStructs.swift; sourceTree = "<group>"; };
		6A7D28E31E94C692005BBFD9 /* ZXConfigValueProtocol.swift */ = {isa = PBXFileReference; fileEncoding = 4; lastKnownFileType = sourcecode.swift; path = ZXConfigValueProtocol.swift; sourceTree = "<group>"; };
		6A7D28E41E94C692005BBFD9 /* ZXFontConfig.swift */ = {isa = PBXFileReference; fileEncoding = 4; lastKnownFileType = sourcecode.swift; path = ZXFontConfig.swift; sourceTree = "<group>"; };
		6A7D28E51E94C692005BBFD9 /* ZXNavBarConfig.swift */ = {isa = PBXFileReference; fileEncoding = 4; lastKnownFileType = sourcecode.swift; path = ZXNavBarConfig.swift; sourceTree = "<group>"; };
		6A7D28E61E94C692005BBFD9 /* ZXSettings.bundle */ = {isa = PBXFileReference; lastKnownFileType = "wrapper.plug-in"; path = ZXSettings.bundle; sourceTree = "<group>"; };
		6A7D28E71E94C692005BBFD9 /* ZXTintColorConfig.swift */ = {isa = PBXFileReference; fileEncoding = 4; lastKnownFileType = sourcecode.swift; path = ZXTintColorConfig.swift; sourceTree = "<group>"; };
		6A7D28EF1E94CA26005BBFD9 /* r1.png */ = {isa = PBXFileReference; lastKnownFileType = image.png; path = r1.png; sourceTree = "<group>"; };
		6A7D28F01E94CA26005BBFD9 /* r2.png */ = {isa = PBXFileReference; lastKnownFileType = image.png; path = r2.png; sourceTree = "<group>"; };
		6A7D28F31E94DC35005BBFD9 /* UIViewController+ZX.swift */ = {isa = PBXFileReference; fileEncoding = 4; lastKnownFileType = sourcecode.swift; path = "UIViewController+ZX.swift"; sourceTree = "<group>"; };
		6A89D5F31E9B2F3A00081C4A /* UIView+ZXFrame.swift */ = {isa = PBXFileReference; fileEncoding = 4; lastKnownFileType = sourcecode.swift; path = "UIView+ZXFrame.swift"; sourceTree = "<group>"; };
		6A89D5F51E9B31A500081C4A /* NSAttributedString+ZX.swift */ = {isa = PBXFileReference; fileEncoding = 4; lastKnownFileType = sourcecode.swift; path = "NSAttributedString+ZX.swift"; sourceTree = "<group>"; };
		6A89D5FB1E9B50C600081C4A /* ZXTableViewViewController.swift */ = {isa = PBXFileReference; fileEncoding = 4; lastKnownFileType = sourcecode.swift; path = ZXTableViewViewController.swift; sourceTree = "<group>"; };
		6A89D5FE1E9B518600081C4A /* ZXStringTestViewController.swift */ = {isa = PBXFileReference; fileEncoding = 4; lastKnownFileType = sourcecode.swift; path = ZXStringTestViewController.swift; sourceTree = "<group>"; };
		6AA48A421E9B1D0700358BB3 /* soundA.caf */ = {isa = PBXFileReference; lastKnownFileType = file; path = soundA.caf; sourceTree = "<group>"; };
		6AA5DF171E975C1000FE43F1 /* ZXHHViewController.swift */ = {isa = PBXFileReference; fileEncoding = 4; lastKnownFileType = sourcecode.swift; path = ZXHHViewController.swift; sourceTree = "<group>"; };
		6AA5DF191E9761D500FE43F1 /* ZXNetwork.swift */ = {isa = PBXFileReference; fileEncoding = 4; lastKnownFileType = sourcecode.swift; path = ZXNetwork.swift; sourceTree = "<group>"; };
		6AA5DF1B1E9761EB00FE43F1 /* ZXRemoteNotification.swift */ = {isa = PBXFileReference; fileEncoding = 4; lastKnownFileType = sourcecode.swift; path = ZXRemoteNotification.swift; sourceTree = "<group>"; };
		6AA5DF1D1E9761F700FE43F1 /* ZXRouter.swift */ = {isa = PBXFileReference; fileEncoding = 4; lastKnownFileType = sourcecode.swift; path = ZXRouter.swift; sourceTree = "<group>"; };
		6AA5DF211E97623700FE43F1 /* ZXCheckListViewController.swift */ = {isa = PBXFileReference; fileEncoding = 4; lastKnownFileType = sourcecode.swift; path = ZXCheckListViewController.swift; sourceTree = "<group>"; };
		6AA5DF231E97624300FE43F1 /* ZXHUD.swift */ = {isa = PBXFileReference; fileEncoding = 4; lastKnownFileType = sourcecode.swift; path = ZXHUD.swift; sourceTree = "<group>"; };
		6AA5DF251E97625000FE43F1 /* ZXEmptyView.swift */ = {isa = PBXFileReference; fileEncoding = 4; lastKnownFileType = sourcecode.swift; path = ZXEmptyView.swift; sourceTree = "<group>"; };
		6AA5DF271E9762D100FE43F1 /* ZXLocationUtils.swift */ = {isa = PBXFileReference; fileEncoding = 4; lastKnownFileType = sourcecode.swift; path = ZXLocationUtils.swift; sourceTree = "<group>"; };
		6AA5DF2B1E9762FD00FE43F1 /* ZXAlertUtils.swift */ = {isa = PBXFileReference; fileEncoding = 4; lastKnownFileType = sourcecode.swift; path = ZXAlertUtils.swift; sourceTree = "<group>"; };
		6AA5DF2D1E97630600FE43F1 /* ZXDateUtils.swift */ = {isa = PBXFileReference; fileEncoding = 4; lastKnownFileType = sourcecode.swift; path = ZXDateUtils.swift; sourceTree = "<group>"; };
		6AA5DF2F1E97631600FE43F1 /* ZXAudioUtils.swift */ = {isa = PBXFileReference; fileEncoding = 4; lastKnownFileType = sourcecode.swift; path = ZXAudioUtils.swift; sourceTree = "<group>"; };
		6AA5DF311E97636700FE43F1 /* ZXImagePickerUtils.swift */ = {isa = PBXFileReference; fileEncoding = 4; lastKnownFileType = sourcecode.swift; path = ZXImagePickerUtils.swift; sourceTree = "<group>"; };
		6AFA69D71E8F8E410009E41B /* iconfont.ttf */ = {isa = PBXFileReference; lastKnownFileType = file; path = iconfont.ttf; sourceTree = "<group>"; };
/* End PBXFileReference section */

/* Begin PBXFrameworksBuildPhase section */
		6A557D8C1E8DF59A00904791 /* Frameworks */ = {
			isa = PBXFrameworksBuildPhase;
			buildActionMask = 2147483647;
			files = (
			);
			runOnlyForDeploymentPostprocessing = 0;
		};
/* End PBXFrameworksBuildPhase section */

/* Begin PBXGroup section */
		6A557D861E8DF59A00904791 = {
			isa = PBXGroup;
			children = (
				6A557D911E8DF59A00904791 /* ZXStructs */,
				6A557D901E8DF59A00904791 /* Products */,
			);
			sourceTree = "<group>";
		};
		6A557D901E8DF59A00904791 /* Products */ = {
			isa = PBXGroup;
			children = (
				6A557D8F1E8DF59A00904791 /* ZXStructs.app */,
			);
			name = Products;
			sourceTree = "<group>";
		};
		6A557D911E8DF59A00904791 /* ZXStructs */ = {
			isa = PBXGroup;
			children = (
				6AA48A421E9B1D0700358BB3 /* soundA.caf */,
				6A557D921E8DF59A00904791 /* AppDelegate.swift */,
				6A557D941E8DF59A00904791 /* ViewController.swift */,
				6A7D28BA1E9492EA005BBFD9 /* ZXDetailViewController.swift */,
				6A6658731E95D0C20046C81E /* ZXTextFViewController.swift */,
				6A7B808B1E972EAE00DFD047 /* ZXMapViewController.swift */,
				6A89D5FB1E9B50C600081C4A /* ZXTableViewViewController.swift */,
				6A89D5FD1E9B517300081C4A /* SubVC */,
				6AA5DF171E975C1000FE43F1 /* ZXHHViewController.swift */,
				6A7B808C1E972EAE00DFD047 /* ZXMapViewController.xib */,
				6A7D28EF1E94CA26005BBFD9 /* r1.png */,
				6A7D28F01E94CA26005BBFD9 /* r2.png */,
				6A557DA41E8DF61F00904791 /* ZXStructs */,
				6A557D961E8DF59A00904791 /* Main.storyboard */,
				6A557D991E8DF59A00904791 /* Assets.xcassets */,
				6A557D9B1E8DF59A00904791 /* LaunchScreen.storyboard */,
				6A557D9E1E8DF59A00904791 /* Info.plist */,
			);
			path = ZXStructs;
			sourceTree = "<group>";
		};
		6A557DA41E8DF61F00904791 /* ZXStructs */ = {
			isa = PBXGroup;
			children = (
				6AFA69D71E8F8E410009E41B /* iconfont.ttf */,
				6A7D28CE1E949994005BBFD9 /* ZXStructs.swift */,
				6A7D28E21E94C692005BBFD9 /* ZXConfig */,
				6A7D28BC1E949994005BBFD9 /* ZXExtension */,
				6A7D28DE1E949ABA005BBFD9 /* ZXCommonUI */,
				6A7D28C41E949994005BBFD9 /* ZXNetwork */,
				6A7D28C51E949994005BBFD9 /* ZXRemoteNotice */,
				6A7D28C61E949994005BBFD9 /* ZXRouter */,
				6A7D28CF1E949994005BBFD9 /* ZXUtilityTools */,
				6A7D28D01E949994005BBFD9 /* ZXWebH5 */,
			);
			path = ZXStructs;
			sourceTree = "<group>";
		};
		6A7D28BC1E949994005BBFD9 /* ZXExtension */ = {
			isa = PBXGroup;
			children = (
				6A89D5F11E9B2EC500081C4A /* Config */,
				6A89D5F21E9B2ECF00081C4A /* Common */,
			);
			path = ZXExtension;
			sourceTree = "<group>";
		};
		6A7D28C41E949994005BBFD9 /* ZXNetwork */ = {
			isa = PBXGroup;
			children = (
				6AA5DF191E9761D500FE43F1 /* ZXNetwork.swift */,
			);
			path = ZXNetwork;
			sourceTree = "<group>";
		};
		6A7D28C51E949994005BBFD9 /* ZXRemoteNotice */ = {
			isa = PBXGroup;
			children = (
				6AA5DF1B1E9761EB00FE43F1 /* ZXRemoteNotification.swift */,
			);
			path = ZXRemoteNotice;
			sourceTree = "<group>";
		};
		6A7D28C61E949994005BBFD9 /* ZXRouter */ = {
			isa = PBXGroup;
			children = (
				6AA5DF1D1E9761F700FE43F1 /* ZXRouter.swift */,
			);
			path = ZXRouter;
			sourceTree = "<group>";
		};
		6A7D28CF1E949994005BBFD9 /* ZXUtilityTools */ = {
			isa = PBXGroup;
			children = (
				6AA5DF271E9762D100FE43F1 /* ZXLocationUtils.swift */,
				6AA5DF2B1E9762FD00FE43F1 /* ZXAlertUtils.swift */,
				6AA5DF2D1E97630600FE43F1 /* ZXDateUtils.swift */,
				6AA5DF2F1E97631600FE43F1 /* ZXAudioUtils.swift */,
				6AA5DF311E97636700FE43F1 /* ZXImagePickerUtils.swift */,
				6A544F041EA73B98005096E2 /* ZXCommonUtils.swift */,
			);
			path = ZXUtilityTools;
			sourceTree = "<group>";
		};
		6A7D28D01E949994005BBFD9 /* ZXWebH5 */ = {
			isa = PBXGroup;
			children = (
			);
			path = ZXWebH5;
			sourceTree = "<group>";
		};
		6A7D28DE1E949ABA005BBFD9 /* ZXCommonUI */ = {
			isa = PBXGroup;
			children = (
				6A7D28DF1E949ABA005BBFD9 /* ZXCheckList */,
				6A7D28E01E949ABA005BBFD9 /* ZXEmptyView */,
				6A7D28E11E949ABA005BBFD9 /* ZXHUD */,
			);
			path = ZXCommonUI;
			sourceTree = "<group>";
		};
		6A7D28DF1E949ABA005BBFD9 /* ZXCheckList */ = {
			isa = PBXGroup;
			children = (
				6AA5DF211E97623700FE43F1 /* ZXCheckListViewController.swift */,
			);
			path = ZXCheckList;
			sourceTree = "<group>";
		};
		6A7D28E01E949ABA005BBFD9 /* ZXEmptyView */ = {
			isa = PBXGroup;
			children = (
				6AA5DF251E97625000FE43F1 /* ZXEmptyView.swift */,
			);
			path = ZXEmptyView;
			sourceTree = "<group>";
		};
		6A7D28E11E949ABA005BBFD9 /* ZXHUD */ = {
			isa = PBXGroup;
			children = (
				6AA5DF231E97624300FE43F1 /* ZXHUD.swift */,
			);
			path = ZXHUD;
			sourceTree = "<group>";
		};
		6A7D28E21E94C692005BBFD9 /* ZXConfig */ = {
			isa = PBXGroup;
			children = (
				6A7D28E31E94C692005BBFD9 /* ZXConfigValueProtocol.swift */,
				6A7D28E41E94C692005BBFD9 /* ZXFontConfig.swift */,
				6A7D28E51E94C692005BBFD9 /* ZXNavBarConfig.swift */,
				6A6658751E95DC0A0046C81E /* ZXTabbarConfig.swift */,
				6A7D28E71E94C692005BBFD9 /* ZXTintColorConfig.swift */,
				6A7D28E61E94C692005BBFD9 /* ZXSettings.bundle */,
			);
			path = ZXConfig;
			sourceTree = "<group>";
		};
		6A89D5F11E9B2EC500081C4A /* Config */ = {
			isa = PBXGroup;
			children = (
				6A7D28BD1E949994005BBFD9 /* Bundle+ZX.swift */,
				6A7D28BE1E949994005BBFD9 /* String+ZX.swift */,
				6A7D28BF1E949994005BBFD9 /* UIColor+ZX.swift */,
				6A7D28C01E949994005BBFD9 /* UIDevice+ZX.swift */,
				6A7D28C11E949994005BBFD9 /* UIFont+ZX.swift */,
				6A7D28F31E94DC35005BBFD9 /* UIViewController+ZX.swift */,
				6A6658791E960F4F0046C81E /* UIViewController+ZXNavControl.swift */,
				6A66587B1E9611450046C81E /* UITabbarController+ZX.swift */,
				6A7B808F1E9739DD00DFD047 /* NSObject+ZX.swift */,
			);
			name = Config;
			sourceTree = "<group>";
		};
		6A89D5F21E9B2ECF00081C4A /* Common */ = {
			isa = PBXGroup;
			children = (
				6A89D5F31E9B2F3A00081C4A /* UIView+ZXFrame.swift */,
				6A89D5F51E9B31A500081C4A /* NSAttributedString+ZX.swift */,
			);
			name = Common;
			sourceTree = "<group>";
		};
		6A89D5FD1E9B517300081C4A /* SubVC */ = {
			isa = PBXGroup;
			children = (
				6A89D5FE1E9B518600081C4A /* ZXStringTestViewController.swift */,
			);
			name = SubVC;
			sourceTree = "<group>";
		};
/* End PBXGroup section */

/* Begin PBXNativeTarget section */
		6A557D8E1E8DF59A00904791 /* ZXStructs */ = {
			isa = PBXNativeTarget;
			buildConfigurationList = 6A557DA11E8DF59A00904791 /* Build configuration list for PBXNativeTarget "ZXStructs" */;
			buildPhases = (
				6A557D8B1E8DF59A00904791 /* Sources */,
				6A557D8C1E8DF59A00904791 /* Frameworks */,
				6A557D8D1E8DF59A00904791 /* Resources */,
			);
			buildRules = (
			);
			dependencies = (
			);
			name = ZXStructs;
			productName = ZXStructs;
			productReference = 6A557D8F1E8DF59A00904791 /* ZXStructs.app */;
			productType = "com.apple.product-type.application";
		};
/* End PBXNativeTarget section */

/* Begin PBXProject section */
		6A557D871E8DF59A00904791 /* Project object */ = {
			isa = PBXProject;
			attributes = {
				LastSwiftUpdateCheck = 0830;
				LastUpgradeCheck = 0830;
				ORGANIZATIONNAME = screson;
				TargetAttributes = {
					6A557D8E1E8DF59A00904791 = {
						CreatedOnToolsVersion = 8.3;
						DevelopmentTeam = H8292UE6ZY;
						ProvisioningStyle = Manual;
					};
				};
			};
			buildConfigurationList = 6A557D8A1E8DF59A00904791 /* Build configuration list for PBXProject "ZXStructs" */;
			compatibilityVersion = "Xcode 3.2";
			developmentRegion = English;
			hasScannedForEncodings = 0;
			knownRegions = (
				en,
				Base,
			);
			mainGroup = 6A557D861E8DF59A00904791;
			productRefGroup = 6A557D901E8DF59A00904791 /* Products */;
			projectDirPath = "";
			projectRoot = "";
			targets = (
				6A557D8E1E8DF59A00904791 /* ZXStructs */,
			);
		};
/* End PBXProject section */

/* Begin PBXResourcesBuildPhase section */
		6A557D8D1E8DF59A00904791 /* Resources */ = {
			isa = PBXResourcesBuildPhase;
			buildActionMask = 2147483647;
			files = (
				6A7D28F21E94CA26005BBFD9 /* r2.png in Resources */,
				6A7D28F11E94CA26005BBFD9 /* r1.png in Resources */,
				6A557D9D1E8DF59A00904791 /* LaunchScreen.storyboard in Resources */,
				6AA48A431E9B1D0700358BB3 /* soundA.caf in Resources */,
				6A7D28EC1E94C692005BBFD9 /* ZXSettings.bundle in Resources */,
				6A557D9A1E8DF59A00904791 /* Assets.xcassets in Resources */,
				6AFA69D81E8F8E410009E41B /* iconfont.ttf in Resources */,
				6A557D981E8DF59A00904791 /* Main.storyboard in Resources */,
				6A7B808E1E972EAE00DFD047 /* ZXMapViewController.xib in Resources */,
			);
			runOnlyForDeploymentPostprocessing = 0;
		};
/* End PBXResourcesBuildPhase section */

/* Begin PBXSourcesBuildPhase section */
		6A557D8B1E8DF59A00904791 /* Sources */ = {
			isa = PBXSourcesBuildPhase;
			buildActionMask = 2147483647;
			files = (
				6AA5DF2C1E9762FD00FE43F1 /* ZXAlertUtils.swift in Sources */,
				6A66587A1E960F4F0046C81E /* UIViewController+ZXNavControl.swift in Sources */,
				6AA5DF301E97631600FE43F1 /* ZXAudioUtils.swift in Sources */,
				6AA5DF241E97624300FE43F1 /* ZXHUD.swift in Sources */,
				6A7D28D51E949994005BBFD9 /* UIFont+ZX.swift in Sources */,
				6A7D28E91E94C692005BBFD9 /* ZXConfigValueProtocol.swift in Sources */,
				6A89D5F41E9B2F3A00081C4A /* UIView+ZXFrame.swift in Sources */,
				6AA5DF281E9762D100FE43F1 /* ZXLocationUtils.swift in Sources */,
				6A7D28D31E949994005BBFD9 /* UIColor+ZX.swift in Sources */,
				6AA5DF181E975C1000FE43F1 /* ZXHHViewController.swift in Sources */,
				6A7D28ED1E94C692005BBFD9 /* ZXTintColorConfig.swift in Sources */,
				6A7B80901E9739DD00DFD047 /* NSObject+ZX.swift in Sources */,
				6A544F051EA73B98005096E2 /* ZXCommonUtils.swift in Sources */,
				6A7D28D11E949994005BBFD9 /* Bundle+ZX.swift in Sources */,
				6AA5DF221E97623700FE43F1 /* ZXCheckListViewController.swift in Sources */,
				6A7D28EB1E94C692005BBFD9 /* ZXNavBarConfig.swift in Sources */,
				6AA5DF261E97625000FE43F1 /* ZXEmptyView.swift in Sources */,
				6A7B808D1E972EAE00DFD047 /* ZXMapViewController.swift in Sources */,
				6A7D28DD1E949994005BBFD9 /* ZXStructs.swift in Sources */,
				6A557D951E8DF59A00904791 /* ViewController.swift in Sources */,
				6A89D5F61E9B31A500081C4A /* NSAttributedString+ZX.swift in Sources */,
				6A6658761E95DC0A0046C81E /* ZXTabbarConfig.swift in Sources */,
				6A557D931E8DF59A00904791 /* AppDelegate.swift in Sources */,
				6A89D5FC1E9B50C600081C4A /* ZXTableViewViewController.swift in Sources */,
				6A7D28EA1E94C692005BBFD9 /* ZXFontConfig.swift in Sources */,
				6AA5DF321E97636700FE43F1 /* ZXImagePickerUtils.swift in Sources */,
				6A7D28D21E949994005BBFD9 /* String+ZX.swift in Sources */,
				6AA5DF1A1E9761D500FE43F1 /* ZXNetwork.swift in Sources */,
				6A89D5FF1E9B518600081C4A /* ZXStringTestViewController.swift in Sources */,
				6AA5DF2E1E97630600FE43F1 /* ZXDateUtils.swift in Sources */,
				6A66587C1E9611450046C81E /* UITabbarController+ZX.swift in Sources */,
				6AA5DF1C1E9761EB00FE43F1 /* ZXRemoteNotification.swift in Sources */,
				6A7D28BB1E9492EA005BBFD9 /* ZXDetailViewController.swift in Sources */,
				6AA5DF1E1E9761F700FE43F1 /* ZXRouter.swift in Sources */,
				6A7D28D41E949994005BBFD9 /* UIDevice+ZX.swift in Sources */,
				6A6658741E95D0C20046C81E /* ZXTextFViewController.swift in Sources */,
				6A7D28F41E94DC35005BBFD9 /* UIViewController+ZX.swift in Sources */,
			);
			runOnlyForDeploymentPostprocessing = 0;
		};
/* End PBXSourcesBuildPhase section */

/* Begin PBXVariantGroup section */
		6A557D961E8DF59A00904791 /* Main.storyboard */ = {
			isa = PBXVariantGroup;
			children = (
				6A557D971E8DF59A00904791 /* Base */,
			);
			name = Main.storyboard;
			sourceTree = "<group>";
		};
		6A557D9B1E8DF59A00904791 /* LaunchScreen.storyboard */ = {
			isa = PBXVariantGroup;
			children = (
				6A557D9C1E8DF59A00904791 /* Base */,
			);
			name = LaunchScreen.storyboard;
			sourceTree = "<group>";
		};
/* End PBXVariantGroup section */

/* Begin XCBuildConfiguration section */
		6A557D9F1E8DF59A00904791 /* Debug */ = {
			isa = XCBuildConfiguration;
			buildSettings = {
				ALWAYS_SEARCH_USER_PATHS = NO;
				CLANG_ANALYZER_NONNULL = YES;
				CLANG_ANALYZER_NUMBER_OBJECT_CONVERSION = YES_AGGRESSIVE;
				CLANG_CXX_LANGUAGE_STANDARD = "gnu++0x";
				CLANG_CXX_LIBRARY = "libc++";
				CLANG_ENABLE_MODULES = YES;
				CLANG_ENABLE_OBJC_ARC = YES;
				CLANG_WARN_BOOL_CONVERSION = YES;
				CLANG_WARN_CONSTANT_CONVERSION = YES;
				CLANG_WARN_DIRECT_OBJC_ISA_USAGE = YES_ERROR;
				CLANG_WARN_DOCUMENTATION_COMMENTS = YES;
				CLANG_WARN_EMPTY_BODY = YES;
				CLANG_WARN_ENUM_CONVERSION = YES;
				CLANG_WARN_INFINITE_RECURSION = YES;
				CLANG_WARN_INT_CONVERSION = YES;
				CLANG_WARN_OBJC_ROOT_CLASS = YES_ERROR;
				CLANG_WARN_SUSPICIOUS_MOVE = YES;
				CLANG_WARN_UNREACHABLE_CODE = YES;
				CLANG_WARN__DUPLICATE_METHOD_MATCH = YES;
				"CODE_SIGN_IDENTITY[sdk=iphoneos*]" = "iPhone Developer";
				COPY_PHASE_STRIP = NO;
				DEBUG_INFORMATION_FORMAT = dwarf;
				ENABLE_STRICT_OBJC_MSGSEND = YES;
				ENABLE_TESTABILITY = YES;
				GCC_C_LANGUAGE_STANDARD = gnu99;
				GCC_DYNAMIC_NO_PIC = NO;
				GCC_NO_COMMON_BLOCKS = YES;
				GCC_OPTIMIZATION_LEVEL = 0;
				GCC_PREPROCESSOR_DEFINITIONS = (
					"DEBUG=1",
					"$(inherited)",
				);
				GCC_WARN_64_TO_32_BIT_CONVERSION = YES;
				GCC_WARN_ABOUT_RETURN_TYPE = YES_ERROR;
				GCC_WARN_UNDECLARED_SELECTOR = YES;
				GCC_WARN_UNINITIALIZED_AUTOS = YES_AGGRESSIVE;
				GCC_WARN_UNUSED_FUNCTION = YES;
				GCC_WARN_UNUSED_VARIABLE = YES;
				IPHONEOS_DEPLOYMENT_TARGET = 10.3;
				MTL_ENABLE_DEBUG_INFO = YES;
				ONLY_ACTIVE_ARCH = YES;
				SDKROOT = iphoneos;
				SWIFT_ACTIVE_COMPILATION_CONDITIONS = DEBUG;
				SWIFT_OPTIMIZATION_LEVEL = "-Onone";
			};
			name = Debug;
		};
		6A557DA01E8DF59A00904791 /* Release */ = {
			isa = XCBuildConfiguration;
			buildSettings = {
				ALWAYS_SEARCH_USER_PATHS = NO;
				CLANG_ANALYZER_NONNULL = YES;
				CLANG_ANALYZER_NUMBER_OBJECT_CONVERSION = YES_AGGRESSIVE;
				CLANG_CXX_LANGUAGE_STANDARD = "gnu++0x";
				CLANG_CXX_LIBRARY = "libc++";
				CLANG_ENABLE_MODULES = YES;
				CLANG_ENABLE_OBJC_ARC = YES;
				CLANG_WARN_BOOL_CONVERSION = YES;
				CLANG_WARN_CONSTANT_CONVERSION = YES;
				CLANG_WARN_DIRECT_OBJC_ISA_USAGE = YES_ERROR;
				CLANG_WARN_DOCUMENTATION_COMMENTS = YES;
				CLANG_WARN_EMPTY_BODY = YES;
				CLANG_WARN_ENUM_CONVERSION = YES;
				CLANG_WARN_INFINITE_RECURSION = YES;
				CLANG_WARN_INT_CONVERSION = YES;
				CLANG_WARN_OBJC_ROOT_CLASS = YES_ERROR;
				CLANG_WARN_SUSPICIOUS_MOVE = YES;
				CLANG_WARN_UNREACHABLE_CODE = YES;
				CLANG_WARN__DUPLICATE_METHOD_MATCH = YES;
				"CODE_SIGN_IDENTITY[sdk=iphoneos*]" = "iPhone Developer";
				COPY_PHASE_STRIP = NO;
				DEBUG_INFORMATION_FORMAT = "dwarf-with-dsym";
				ENABLE_NS_ASSERTIONS = NO;
				ENABLE_STRICT_OBJC_MSGSEND = YES;
				GCC_C_LANGUAGE_STANDARD = gnu99;
				GCC_NO_COMMON_BLOCKS = YES;
				GCC_WARN_64_TO_32_BIT_CONVERSION = YES;
				GCC_WARN_ABOUT_RETURN_TYPE = YES_ERROR;
				GCC_WARN_UNDECLARED_SELECTOR = YES;
				GCC_WARN_UNINITIALIZED_AUTOS = YES_AGGRESSIVE;
				GCC_WARN_UNUSED_FUNCTION = YES;
				GCC_WARN_UNUSED_VARIABLE = YES;
				IPHONEOS_DEPLOYMENT_TARGET = 10.3;
				MTL_ENABLE_DEBUG_INFO = NO;
				SDKROOT = iphoneos;
				SWIFT_OPTIMIZATION_LEVEL = "-Owholemodule";
				VALIDATE_PRODUCT = YES;
			};
			name = Release;
		};
		6A557DA21E8DF59A00904791 /* Debug */ = {
			isa = XCBuildConfiguration;
			buildSettings = {
				ASSETCATALOG_COMPILER_APPICON_NAME = AppIcon;
				DEVELOPMENT_TEAM = H8292UE6ZY;
				INFOPLIST_FILE = ZXStructs/Info.plist;
				IPHONEOS_DEPLOYMENT_TARGET = 10.2;
				LD_RUNPATH_SEARCH_PATHS = "$(inherited) @executable_path/Frameworks";
				PRODUCT_BUNDLE_IDENTIFIER = com.reson.ZXStructs;
				PRODUCT_NAME = "$(TARGET_NAME)";
				PROVISIONING_PROFILE = "8744c5d8-31ca-423f-9ef6-4894cb7aad23";
				PROVISIONING_PROFILE_SPECIFIER = CommonDevelop;
				SWIFT_VERSION = 3.0;
			};
			name = Debug;
		};
		6A557DA31E8DF59A00904791 /* Release */ = {
			isa = XCBuildConfiguration;
			buildSettings = {
				ASSETCATALOG_COMPILER_APPICON_NAME = AppIcon;
				DEVELOPMENT_TEAM = "";
				INFOPLIST_FILE = ZXStructs/Info.plist;
				IPHONEOS_DEPLOYMENT_TARGET = 10.2;
				LD_RUNPATH_SEARCH_PATHS = "$(inherited) @executable_path/Frameworks";
				PRODUCT_BUNDLE_IDENTIFIER = com.reson.ZXStructs;
				PRODUCT_NAME = "$(TARGET_NAME)";
				PROVISIONING_PROFILE_SPECIFIER = "";
				SWIFT_VERSION = 3.0;
			};
			name = Release;
		};
/* End XCBuildConfiguration section */

/* Begin XCConfigurationList section */
		6A557D8A1E8DF59A00904791 /* Build configuration list for PBXProject "ZXStructs" */ = {
			isa = XCConfigurationList;
			buildConfigurations = (
				6A557D9F1E8DF59A00904791 /* Debug */,
				6A557DA01E8DF59A00904791 /* Release */,
			);
			defaultConfigurationIsVisible = 0;
			defaultConfigurationName = Release;
		};
		6A557DA11E8DF59A00904791 /* Build configuration list for PBXNativeTarget "ZXStructs" */ = {
			isa = XCConfigurationList;
			buildConfigurations = (
				6A557DA21E8DF59A00904791 /* Debug */,
				6A557DA31E8DF59A00904791 /* Release */,
			);
			defaultConfigurationIsVisible = 0;
			defaultConfigurationName = Release;
		};
/* End XCConfigurationList section */
	};
	rootObject = 6A557D871E8DF59A00904791 /* Project object */;
}
